
Microsoft Visual Studio Solution File, Format Version 12.00
# Visual Studio Version 17
VisualStudioVersion = 17.4.33110.190
MinimumVisualStudioVersion = 10.0.40219.1
Project("{FAE04EC0-301F-11D3-BF4B-00C04F79EFBC}") = "SalesWebMVC", "SalesWebMVC\SalesWebMVC.csproj", "{99F27286-194A-4D28-A464-0681C7017863}"
EndProject
Global
	GlobalSection(SolutionConfigurationPlatforms) = preSolution
		Debug|Any CPU = Debug|Any CPU
		Release|Any CPU = Release|Any CPU
	EndGlobalSection
	GlobalSection(ProjectConfigurationPlatforms) = postSolution
		{99F27286-194A-4D28-A464-0681C7017863}.Debug|Any CPU.ActiveCfg = Debug|Any CPU
		{99F27286-194A-4D28-A464-0681C7017863}.Debug|Any CPU.Build.0 = Debug|Any CPU
		{99F27286-194A-4D28-A464-0681C7017863}.Release|Any CPU.ActiveCfg = Release|Any CPU
		{99F27286-194A-4D28-A464-0681C7017863}.Release|Any CPU.Build.0 = Release|Any CPU
	EndGlobalSection
	GlobalSection(SolutionProperties) = preSolution
		HideSolutionNode = FALSE
	EndGlobalSection
	GlobalSection(ExtensibilityGlobals) = postSolution
		SolutionGuid = {AA5DE251-05C4-45B3-959B-52E76F18905D}
	EndGlobalSection
EndGlobal
